{
  "name": "dashboards",
  "version": "1.0.0",
  "lockfileVersion": 2,
  "requires": true,
  "packages": {
    "": {
      "name": "dashboards",
      "version": "1.0.0",
      "license": "ISC",
      "dependencies": {
        "find-and-replace-anything": "^2.2.2"
      }
    },
    "node_modules/find-and-replace-anything": {
      "version": "2.2.2",
      "resolved": "https://registry.npmjs.org/find-and-replace-anything/-/find-and-replace-anything-2.2.2.tgz",
      "integrity": "sha512-KfX7Udck0zZaomFeWmkY7F9AmqSdnCqvUCZdU1NVvCpgJlzUqc8Bn7pri40pdwpz8BbGQ3aiBkXgcJGSidh0Ag==",
      "dependencies": {
        "is-what": "^3.11.3"
      }
    },
    "node_modules/is-what": {
      "version": "3.14.1",
      "resolved": "https://registry.npmjs.org/is-what/-/is-what-3.14.1.tgz",
      "integrity": "sha512-sNxgpk9793nzSs7bA6JQJGeIuRBQhAaNGG77kzYQgMkrID+lS6SlK07K5LaptscDlSaIgH+GPFzf+d75FVxozA=="
    }
  },
  "dependencies": {
    "find-and-replace-anything": {
      "version": "2.2.2",
      "resolved": "https://registry.npmjs.org/find-and-replace-anything/-/find-and-replace-anything-2.2.2.tgz",
      "integrity": "sha512-KfX7Udck0zZaomFeWmkY7F9AmqSdnCqvUCZdU1NVvCpgJlzUqc8Bn7pri40pdwpz8BbGQ3aiBkXgcJGSidh0Ag==",
      "requires": {
        "is-what": "^3.11.3"
      }
    },
    "is-what": {
      "version": "3.14.1",
      "resolved": "https://registry.npmjs.org/is-what/-/is-what-3.14.1.tgz",
      "integrity": "sha512-sNxgpk9793nzSs7bA6JQJGeIuRBQhAaNGG77kzYQgMkrID+lS6SlK07K5LaptscDlSaIgH+GPFzf+d75FVxozA=="
    }
  }
}
